
Microsoft Visual Studio Solution File, Format Version 12.00
# Visual Studio Version 17
VisualStudioVersion = 17.6.33712.159
MinimumVisualStudioVersion = 10.0.40219.1
Project("{8BC9CEB8-8B4A-11D0-8D11-00A0C91BC942}") = "Project14", "Project14\Project14.vcxproj", "{4388B6D4-6DDB-4DBA-8D50-3D2C3A6B81C2}"
EndProject
Project("{8BC9CEB8-8B4A-11D0-8D11-00A0C91BC942}") = "Sample-Test1", "Sample-Test1\Sample-Test1.vcxproj", "{D0E2F21B-570A-4157-9D9C-342603585B58}"
EndProject
Project("{2150E333-8FDC-42A3-9474-1A3956D46DE8}") = "솔루션 항목", "솔루션 항목", "{38492055-611E-4273-B2BF-4FE5F0E6C77F}"
	ProjectSection(SolutionItems) = preProject
		.gitignore = .gitignore
		README.md = README.md
	EndProjectSection
EndProject
Global
	GlobalSection(SolutionConfigurationPlatforms) = preSolution
		Debug|x64 = Debug|x64
		Debug|x86 = Debug|x86
		Release|x64 = Release|x64
		Release|x86 = Release|x86
	EndGlobalSection
	GlobalSection(ProjectConfigurationPlatforms) = postSolution
		{4388B6D4-6DDB-4DBA-8D50-3D2C3A6B81C2}.Debug|x64.ActiveCfg = Debug|x64
		{4388B6D4-6DDB-4DBA-8D50-3D2C3A6B81C2}.Debug|x64.Build.0 = Debug|x64
		{4388B6D4-6DDB-4DBA-8D50-3D2C3A6B81C2}.Debug|x86.ActiveCfg = Debug|Win32
		{4388B6D4-6DDB-4DBA-8D50-3D2C3A6B81C2}.Debug|x86.Build.0 = Debug|Win32
		{4388B6D4-6DDB-4DBA-8D50-3D2C3A6B81C2}.Release|x64.ActiveCfg = Release|x64
		{4388B6D4-6DDB-4DBA-8D50-3D2C3A6B81C2}.Release|x64.Build.0 = Release|x64
		{4388B6D4-6DDB-4DBA-8D50-3D2C3A6B81C2}.Release|x86.ActiveCfg = Release|Win32
		{4388B6D4-6DDB-4DBA-8D50-3D2C3A6B81C2}.Release|x86.Build.0 = Release|Win32
		{D0E2F21B-570A-4157-9D9C-342603585B58}.Debug|x64.ActiveCfg = Debug|x64
		{D0E2F21B-570A-4157-9D9C-342603585B58}.Debug|x64.Build.0 = Debug|x64
		{D0E2F21B-570A-4157-9D9C-342603585B58}.Debug|x86.ActiveCfg = Debug|Win32
		{D0E2F21B-570A-4157-9D9C-342603585B58}.Debug|x86.Build.0 = Debug|Win32
		{D0E2F21B-570A-4157-9D9C-342603585B58}.Release|x64.ActiveCfg = Release|x64
		{D0E2F21B-570A-4157-9D9C-342603585B58}.Release|x64.Build.0 = Release|x64
		{D0E2F21B-570A-4157-9D9C-342603585B58}.Release|x86.ActiveCfg = Release|Win32
		{D0E2F21B-570A-4157-9D9C-342603585B58}.Release|x86.Build.0 = Release|Win32
	EndGlobalSection
	GlobalSection(SolutionProperties) = preSolution
		HideSolutionNode = FALSE
	EndGlobalSection
	GlobalSection(ExtensibilityGlobals) = postSolution
		SolutionGuid = {A27F76F2-B350-43AE-9DB3-B316E56023F2}
	EndGlobalSection
EndGlobal
